chainmaker.org/chainmaker/contract-utils v1.0.0 h1:+kx3u2SFaiTS5c29Y6UqQ665olTMJmOt3l38yRUFS7U=
chainmaker.org/chainmaker/contract-utils v1.0.0/go.mod h1:cRJUt4Y0E91uKcpxbeuSllFhi+61njM2YGtHIa8vx1c=
github.com/TKOTKCh/contract-sdk-go-wasm v0.1.0 h1:ZWYDtEUXUQm7uVVnlXHYDoGSVpwABrs0LH2afh4HCL0=
github.com/TKOTKCh/contract-sdk-go-wasm v0.1.0/go.mod h1:em0i+pmTnKa5wfr6OKUjcdAJz14EAVFujAlfR9XacTM=
